// !$*UTF8*$!
{
	archiveVersion = 1;
	classes = {
	};
	objectVersion = 46;
	objects = {

/* Begin PBXBuildFile section */
		1F2F19EDF9A5893CADA37431 /* Pods_AutoUnionAplicacion.framework in Frameworks */ = {isa = PBXBuildFile; fileRef = E4396FE363AD65A1E55D77D2 /* Pods_AutoUnionAplicacion.framework */; };
		274CA9E873F6233C280A8FA3 /* Pods_AutoUnionAplicacionTests.framework in Frameworks */ = {isa = PBXBuildFile; fileRef = 1726DFE484A5EB4EA52220DD /* Pods_AutoUnionAplicacionTests.framework */; };
		781782EA1DDA1B4000A2570E /* AppDelegate.swift in Sources */ = {isa = PBXBuildFile; fileRef = 781782E91DDA1B4000A2570E /* AppDelegate.swift */; };
		781782EC1DDA1B4000A2570E /* FirstViewController.swift in Sources */ = {isa = PBXBuildFile; fileRef = 781782EB1DDA1B4000A2570E /* FirstViewController.swift */; };
		781782EE1DDA1B4000A2570E /* Buscar.swift in Sources */ = {isa = PBXBuildFile; fileRef = 781782ED1DDA1B4000A2570E /* Buscar.swift */; };
		781782F31DDA1B4000A2570E /* Assets.xcassets in Resources */ = {isa = PBXBuildFile; fileRef = 781782F21DDA1B4000A2570E /* Assets.xcassets */; };
		781782F61DDA1B4000A2570E /* LaunchScreen.storyboard in Resources */ = {isa = PBXBuildFile; fileRef = 781782F41DDA1B4000A2570E /* LaunchScreen.storyboard */; };
		781783011DDA1B4000A2570E /* AutoUnionAplicacionTests.swift in Sources */ = {isa = PBXBuildFile; fileRef = 781783001DDA1B4000A2570E /* AutoUnionAplicacionTests.swift */; };
		7817830C1DDA1B4100A2570E /* AutoUnionAplicacionUITests.swift in Sources */ = {isa = PBXBuildFile; fileRef = 7817830B1DDA1B4100A2570E /* AutoUnionAplicacionUITests.swift */; };
		7817831A1DDA23EB00A2570E /* FilaModelo.swift in Sources */ = {isa = PBXBuildFile; fileRef = 781783191DDA23EB00A2570E /* FilaModelo.swift */; };
		7817831C1DDA48B900A2570E /* DetalleAutomovil.swift in Sources */ = {isa = PBXBuildFile; fileRef = 7817831B1DDA48B900A2570E /* DetalleAutomovil.swift */; };
		78276E001E0320D40037EF0D /* Login.swift in Sources */ = {isa = PBXBuildFile; fileRef = 78276DFF1E0320D40037EF0D /* Login.swift */; };
		78363DEB1E005AF8006135B9 /* Usuario.swift in Sources */ = {isa = PBXBuildFile; fileRef = 78363DEA1E005AF8006135B9 /* Usuario.swift */; };
		78363DEE1E008393006135B9 /* AgenciaModel.swift in Sources */ = {isa = PBXBuildFile; fileRef = 78363DED1E008393006135B9 /* AgenciaModel.swift */; };
		787A2F351E246956008F7CE8 /* Main.storyboard in Resources */ = {isa = PBXBuildFile; fileRef = 787A2F341E246956008F7CE8 /* Main.storyboard */; };
		789536F61E1331FA00A2252D /* RecuperarPassword.swift in Sources */ = {isa = PBXBuildFile; fileRef = 789536F51E1331FA00A2252D /* RecuperarPassword.swift */; };
		789E7E0F1DF63273003B5E23 /* FBSDKCoreKit.framework in Frameworks */ = {isa = PBXBuildFile; fileRef = 789E7E0B1DF63273003B5E23 /* FBSDKCoreKit.framework */; };
		789E7E101DF63273003B5E23 /* FBSDKLoginKit.framework in Frameworks */ = {isa = PBXBuildFile; fileRef = 789E7E0C1DF63273003B5E23 /* FBSDKLoginKit.framework */; };
		789E7E111DF63273003B5E23 /* FBSDKMessengerShareKit.framework in Frameworks */ = {isa = PBXBuildFile; fileRef = 789E7E0D1DF63273003B5E23 /* FBSDKMessengerShareKit.framework */; };
		789E7E121DF63273003B5E23 /* FBSDKShareKit.framework in Frameworks */ = {isa = PBXBuildFile; fileRef = 789E7E0E1DF63273003B5E23 /* FBSDKShareKit.framework */; };
		78A4DE361DF73DCB008AE70B /* Bolts.framework in Frameworks */ = {isa = PBXBuildFile; fileRef = 78A4DE351DF73DCB008AE70B /* Bolts.framework */; };
		78AFD2571DDB6ADE0066B830 /* DetalleUsuario.swift in Sources */ = {isa = PBXBuildFile; fileRef = 78AFD2561DDB6ADE0066B830 /* DetalleUsuario.swift */; };
		78B5CF3C1DFF644E00FF4C6F /* Automovil.swift in Sources */ = {isa = PBXBuildFile; fileRef = 78B5CF3B1DFF644E00FF4C6F /* Automovil.swift */; };
		78B7722A1E1567B3008E525F /* FilaGerenteAutos.swift in Sources */ = {isa = PBXBuildFile; fileRef = 78B772291E1567B3008E525F /* FilaGerenteAutos.swift */; };
		78B7722C1E1569C2008E525F /* AlmacenGerente.swift in Sources */ = {isa = PBXBuildFile; fileRef = 78B7722B1E1569C2008E525F /* AlmacenGerente.swift */; };
		78B970141E2559A0007715AC /* MapKit.framework in Frameworks */ = {isa = PBXBuildFile; fileRef = 78B970131E2559A0007715AC /* MapKit.framework */; };
		78BD4B1F1E20632D00B0255B /* FilaDetalleAuto.swift in Sources */ = {isa = PBXBuildFile; fileRef = 78BD4B1E1E20632D00B0255B /* FilaDetalleAuto.swift */; };
		78C082881E1F0DB1005944B9 /* DetalleAgencia.swift in Sources */ = {isa = PBXBuildFile; fileRef = 78C082871E1F0DB1005944B9 /* DetalleAgencia.swift */; };
		78DCDA421E0DF1F80093BBA0 /* Favoritos.swift in Sources */ = {isa = PBXBuildFile; fileRef = 78DCDA411E0DF1F80093BBA0 /* Favoritos.swift */; };
		78E3A15E1E245A45002FA154 /* Mapa.swift in Sources */ = {isa = PBXBuildFile; fileRef = 78E3A15D1E245A45002FA154 /* Mapa.swift */; };
		78E73E8D1DF213AD00F1B21F /* FilaAgencia.swift in Sources */ = {isa = PBXBuildFile; fileRef = 78E73E8C1DF213AD00F1B21F /* FilaAgencia.swift */; };
		78E73E8F1DF2171000F1B21F /* Agencia.swift in Sources */ = {isa = PBXBuildFile; fileRef = 78E73E8E1DF2171000F1B21F /* Agencia.swift */; };
		78E98DB81E20266700F3767B /* DetalleAuto2.swift in Sources */ = {isa = PBXBuildFile; fileRef = 78E98DB71E20266700F3767B /* DetalleAuto2.swift */; };
		78ECB73B1DF5CD25008AED57 /* Asistencia.swift in Sources */ = {isa = PBXBuildFile; fileRef = 78ECB73A1DF5CD25008AED57 /* Asistencia.swift */; };
		78F16F6E1E16BEF200502913 /* RegistrarAuto.swift in Sources */ = {isa = PBXBuildFile; fileRef = 78F16F6D1E16BEF100502913 /* RegistrarAuto.swift */; };
		78FA94F51E03624A004AE8F4 /* SMS.swift in Sources */ = {isa = PBXBuildFile; fileRef = 78FA94F41E03624A004AE8F4 /* SMS.swift */; };
		78FB88B51E01A4AD00D40FA9 /* Registro.swift in Sources */ = {isa = PBXBuildFile; fileRef = 78FB88B41E01A4AC00D40FA9 /* Registro.swift */; };
		78FBAA3B1E08328600F7A516 /* Alertas.swift in Sources */ = {isa = PBXBuildFile; fileRef = 78FBAA3A1E08328600F7A516 /* Alertas.swift */; };
		F61E7B28E5EDE06906A42BFF /* Pods_AutoUnionAplicacionUITests.framework in Frameworks */ = {isa = PBXBuildFile; fileRef = 290D29AA62CA6EB15891E2C5 /* Pods_AutoUnionAplicacionUITests.framework */; };
/* End PBXBuildFile section */

/* Begin PBXContainerItemProxy section */
		781782FD1DDA1B4000A2570E /* PBXContainerItemProxy */ = {
			isa = PBXContainerItemProxy;
			containerPortal = 781782DE1DDA1B4000A2570E /* Project object */;
			proxyType = 1;
			remoteGlobalIDString = 781782E51DDA1B4000A2570E;
			remoteInfo = AutoUnionAplicacion;
		};
		781783081DDA1B4100A2570E /* PBXContainerItemProxy */ = {
			isa = PBXContainerItemProxy;
			containerPortal = 781782DE1DDA1B4000A2570E /* Project object */;
			proxyType = 1;
			remoteGlobalIDString = 781782E51DDA1B4000A2570E;
			remoteInfo = AutoUnionAplicacion;
		};
/* End PBXContainerItemProxy section */

/* Begin PBXFileReference section */
		1726DFE484A5EB4EA52220DD /* Pods_AutoUnionAplicacionTests.framework */ = {isa = PBXFileReference; explicitFileType = wrapper.framework; includeInIndex = 0; path = Pods_AutoUnionAplicacionTests.framework; sourceTree = BUILT_PRODUCTS_DIR; };
		290D29AA62CA6EB15891E2C5 /* Pods_AutoUnionAplicacionUITests.framework */ = {isa = PBXFileReference; explicitFileType = wrapper.framework; includeInIndex = 0; path = Pods_AutoUnionAplicacionUITests.framework; sourceTree = BUILT_PRODUCTS_DIR; };
		534C6D213AEE6B922E05B960 /* Pods-AutoUnionAplicacionTests.debug.xcconfig */ = {isa = PBXFileReference; includeInIndex = 1; lastKnownFileType = text.xcconfig; name = "Pods-AutoUnionAplicacionTests.debug.xcconfig"; path = "Pods/Target Support Files/Pods-AutoUnionAplicacionTests/Pods-AutoUnionAplicacionTests.debug.xcconfig"; sourceTree = "<group>"; };
		6B1962C956E9DA36E23D2E77 /* Pods-AutoUnionAplicacionUITests.release.xcconfig */ = {isa = PBXFileReference; includeInIndex = 1; lastKnownFileType = text.xcconfig; name = "Pods-AutoUnionAplicacionUITests.release.xcconfig"; path = "Pods/Target Support Files/Pods-AutoUnionAplicacionUITests/Pods-AutoUnionAplicacionUITests.release.xcconfig"; sourceTree = "<group>"; };
		781747751E09B39700B4BFFF /* exo_font.otf */ = {isa = PBXFileReference; lastKnownFileType = file; path = exo_font.otf; sourceTree = "<group>"; };
		781782E61DDA1B4000A2570E /* AutoUnionAplicacion.app */ = {isa = PBXFileReference; explicitFileType = wrapper.application; includeInIndex = 0; path = AutoUnionAplicacion.app; sourceTree = BUILT_PRODUCTS_DIR; };
		781782E91DDA1B4000A2570E /* AppDelegate.swift */ = {isa = PBXFileReference; lastKnownFileType = sourcecode.swift; path = AppDelegate.swift; sourceTree = "<group>"; };
		781782EB1DDA1B4000A2570E /* FirstViewController.swift */ = {isa = PBXFileReference; lastKnownFileType = sourcecode.swift; path = FirstViewController.swift; sourceTree = "<group>"; };
		781782ED1DDA1B4000A2570E /* Buscar.swift */ = {isa = PBXFileReference; lastKnownFileType = sourcecode.swift; path = Buscar.swift; sourceTree = "<group>"; };
		781782F21DDA1B4000A2570E /* Assets.xcassets */ = {isa = PBXFileReference; lastKnownFileType = folder.assetcatalog; path = Assets.xcassets; sourceTree = "<group>"; };
		781782F51DDA1B4000A2570E /* Base */ = {isa = PBXFileReference; lastKnownFileType = file.storyboard; name = Base; path = Base.lproj/LaunchScreen.storyboard; sourceTree = "<group>"; };
		781782F71DDA1B4000A2570E /* Info.plist */ = {isa = PBXFileReference; lastKnownFileType = text.plist.xml; path = Info.plist; sourceTree = "<group>"; };
		781782FC1DDA1B4000A2570E /* AutoUnionAplicacionTests.xctest */ = {isa = PBXFileReference; explicitFileType = wrapper.cfbundle; includeInIndex = 0; path = AutoUnionAplicacionTests.xctest; sourceTree = BUILT_PRODUCTS_DIR; };
		781783001DDA1B4000A2570E /* AutoUnionAplicacionTests.swift */ = {isa = PBXFileReference; lastKnownFileType = sourcecode.swift; path = AutoUnionAplicacionTests.swift; sourceTree = "<group>"; };
		781783021DDA1B4000A2570E /* Info.plist */ = {isa = PBXFileReference; lastKnownFileType = text.plist.xml; path = Info.plist; sourceTree = "<group>"; };
		781783071DDA1B4100A2570E /* AutoUnionAplicacionUITests.xctest */ = {isa = PBXFileReference; explicitFileType = wrapper.cfbundle; includeInIndex = 0; path = AutoUnionAplicacionUITests.xctest; sourceTree = BUILT_PRODUCTS_DIR; };
		7817830B1DDA1B4100A2570E /* AutoUnionAplicacionUITests.swift */ = {isa = PBXFileReference; lastKnownFileType = sourcecode.swift; path = AutoUnionAplicacionUITests.swift; sourceTree = "<group>"; };
		7817830D1DDA1B4100A2570E /* Info.plist */ = {isa = PBXFileReference; lastKnownFileType = text.plist.xml; path = Info.plist; sourceTree = "<group>"; };
		781783191DDA23EB00A2570E /* FilaModelo.swift */ = {isa = PBXFileReference; fileEncoding = 4; lastKnownFileType = sourcecode.swift; path = FilaModelo.swift; sourceTree = "<group>"; };
		7817831B1DDA48B900A2570E /* DetalleAutomovil.swift */ = {isa = PBXFileReference; fileEncoding = 4; lastKnownFileType = sourcecode.swift; path = DetalleAutomovil.swift; sourceTree = "<group>"; };
		78276DFF1E0320D40037EF0D /* Login.swift */ = {isa = PBXFileReference; fileEncoding = 4; lastKnownFileType = sourcecode.swift; path = Login.swift; sourceTree = "<group>"; };
		78363DEA1E005AF8006135B9 /* Usuario.swift */ = {isa = PBXFileReference; fileEncoding = 4; lastKnownFileType = sourcecode.swift; path = Usuario.swift; sourceTree = "<group>"; };
		78363DED1E008393006135B9 /* AgenciaModel.swift */ = {isa = PBXFileReference; fileEncoding = 4; lastKnownFileType = sourcecode.swift; path = AgenciaModel.swift; sourceTree = "<group>"; };
		785B8A031E01D4BF00C5A231 /* video_auto.mp4 */ = {isa = PBXFileReference; lastKnownFileType = file; path = video_auto.mp4; sourceTree = "<group>"; };
		787A2F341E246956008F7CE8 /* Main.storyboard */ = {isa = PBXFileReference; fileEncoding = 4; lastKnownFileType = file.storyboard; path = Main.storyboard; sourceTree = "<group>"; };
		789536F51E1331FA00A2252D /* RecuperarPassword.swift */ = {isa = PBXFileReference; fileEncoding = 4; lastKnownFileType = sourcecode.swift; path = RecuperarPassword.swift; sourceTree = "<group>"; };
		789E7E0B1DF63273003B5E23 /* FBSDKCoreKit.framework */ = {isa = PBXFileReference; lastKnownFileType = wrapper.framework; path = FBSDKCoreKit.framework; sourceTree = "<group>"; };
		789E7E0C1DF63273003B5E23 /* FBSDKLoginKit.framework */ = {isa = PBXFileReference; lastKnownFileType = wrapper.framework; path = FBSDKLoginKit.framework; sourceTree = "<group>"; };
		789E7E0D1DF63273003B5E23 /* FBSDKMessengerShareKit.framework */ = {isa = PBXFileReference; lastKnownFileType = wrapper.framework; path = FBSDKMessengerShareKit.framework; sourceTree = "<group>"; };
		789E7E0E1DF63273003B5E23 /* FBSDKShareKit.framework */ = {isa = PBXFileReference; lastKnownFileType = wrapper.framework; path = FBSDKShareKit.framework; sourceTree = "<group>"; };
		78A4DE351DF73DCB008AE70B /* Bolts.framework */ = {isa = PBXFileReference; lastKnownFileType = wrapper.framework; path = Bolts.framework; sourceTree = "<group>"; };
		78AFD2561DDB6ADE0066B830 /* DetalleUsuario.swift */ = {isa = PBXFileReference; fileEncoding = 4; lastKnownFileType = sourcecode.swift; path = DetalleUsuario.swift; sourceTree = "<group>"; };
		78B5CF3B1DFF644E00FF4C6F /* Automovil.swift */ = {isa = PBXFileReference; fileEncoding = 4; lastKnownFileType = sourcecode.swift; path = Automovil.swift; sourceTree = "<group>"; };
		78B772291E1567B3008E525F /* FilaGerenteAutos.swift */ = {isa = PBXFileReference; fileEncoding = 4; lastKnownFileType = sourcecode.swift; path = FilaGerenteAutos.swift; sourceTree = "<group>"; };
		78B7722B1E1569C2008E525F /* AlmacenGerente.swift */ = {isa = PBXFileReference; fileEncoding = 4; lastKnownFileType = sourcecode.swift; path = AlmacenGerente.swift; sourceTree = "<group>"; };
		78B970131E2559A0007715AC /* MapKit.framework */ = {isa = PBXFileReference; lastKnownFileType = wrapper.framework; name = MapKit.framework; path = System/Library/Frameworks/MapKit.framework; sourceTree = SDKROOT; };
		78BD4B1E1E20632D00B0255B /* FilaDetalleAuto.swift */ = {isa = PBXFileReference; fileEncoding = 4; lastKnownFileType = sourcecode.swift; path = FilaDetalleAuto.swift; sourceTree = "<group>"; };
		78C082871E1F0DB1005944B9 /* DetalleAgencia.swift */ = {isa = PBXFileReference; fileEncoding = 4; lastKnownFileType = sourcecode.swift; path = DetalleAgencia.swift; sourceTree = "<group>"; };
		78DCDA411E0DF1F80093BBA0 /* Favoritos.swift */ = {isa = PBXFileReference; fileEncoding = 4; lastKnownFileType = sourcecode.swift; path = Favoritos.swift; sourceTree = "<group>"; };
		78E3A15D1E245A45002FA154 /* Mapa.swift */ = {isa = PBXFileReference; fileEncoding = 4; lastKnownFileType = sourcecode.swift; path = Mapa.swift; sourceTree = "<group>"; };
		78E73E8C1DF213AD00F1B21F /* FilaAgencia.swift */ = {isa = PBXFileReference; fileEncoding = 4; lastKnownFileType = sourcecode.swift; path = FilaAgencia.swift; sourceTree = "<group>"; };
		78E73E8E1DF2171000F1B21F /* Agencia.swift */ = {isa = PBXFileReference; fileEncoding = 4; lastKnownFileType = sourcecode.swift; path = Agencia.swift; sourceTree = "<group>"; };
		78E98DB71E20266700F3767B /* DetalleAuto2.swift */ = {isa = PBXFileReference; fileEncoding = 4; lastKnownFileType = sourcecode.swift; path = DetalleAuto2.swift; sourceTree = "<group>"; };
		78ECB73A1DF5CD25008AED57 /* Asistencia.swift */ = {isa = PBXFileReference; fileEncoding = 4; lastKnownFileType = sourcecode.swift; path = Asistencia.swift; sourceTree = "<group>"; };
		78F16F6D1E16BEF100502913 /* RegistrarAuto.swift */ = {isa = PBXFileReference; fileEncoding = 4; lastKnownFileType = sourcecode.swift; path = RegistrarAuto.swift; sourceTree = "<group>"; };
		78FA94F41E03624A004AE8F4 /* SMS.swift */ = {isa = PBXFileReference; fileEncoding = 4; lastKnownFileType = sourcecode.swift; path = SMS.swift; sourceTree = "<group>"; };
		78FB88B41E01A4AC00D40FA9 /* Registro.swift */ = {isa = PBXFileReference; fileEncoding = 4; lastKnownFileType = sourcecode.swift; path = Registro.swift; sourceTree = "<group>"; };
		78FBAA3A1E08328600F7A516 /* Alertas.swift */ = {isa = PBXFileReference; fileEncoding = 4; lastKnownFileType = sourcecode.swift; path = Alertas.swift; sourceTree = "<group>"; };
		A63259FE10DC3D87D85EEB2A /* Pods-AutoUnionAplicacion.release.xcconfig */ = {isa = PBXFileReference; includeInIndex = 1; lastKnownFileType = text.xcconfig; name = "Pods-AutoUnionAplicacion.release.xcconfig"; path = "Pods/Target Support Files/Pods-AutoUnionAplicacion/Pods-AutoUnionAplicacion.release.xcconfig"; sourceTree = "<group>"; };
		C21FC16CC946E0837E915077 /* Pods-AutoUnionAplicacion.debug.xcconfig */ = {isa = PBXFileReference; includeInIndex = 1; lastKnownFileType = text.xcconfig; name = "Pods-AutoUnionAplicacion.debug.xcconfig"; path = "Pods/Target Support Files/Pods-AutoUnionAplicacion/Pods-AutoUnionAplicacion.debug.xcconfig"; sourceTree = "<group>"; };
		D7D8D5E4CADC60B8BBDFD7BC /* Pods-AutoUnionAplicacionTests.release.xcconfig */ = {isa = PBXFileReference; includeInIndex = 1; lastKnownFileType = text.xcconfig; name = "Pods-AutoUnionAplicacionTests.release.xcconfig"; path = "Pods/Target Support Files/Pods-AutoUnionAplicacionTests/Pods-AutoUnionAplicacionTests.release.xcconfig"; sourceTree = "<group>"; };
		D8C485FCA3ECBA70FFD2A628 /* Pods-AutoUnionAplicacionUITests.debug.xcconfig */ = {isa = PBXFileReference; includeInIndex = 1; lastKnownFileType = text.xcconfig; name = "Pods-AutoUnionAplicacionUITests.debug.xcconfig"; path = "Pods/Target Support Files/Pods-AutoUnionAplicacionUITests/Pods-AutoUnionAplicacionUITests.debug.xcconfig"; sourceTree = "<group>"; };
		E4396FE363AD65A1E55D77D2 /* Pods_AutoUnionAplicacion.framework */ = {isa = PBXFileReference; explicitFileType = wrapper.framework; includeInIndex = 0; path = Pods_AutoUnionAplicacion.framework; sourceTree = BUILT_PRODUCTS_DIR; };
/* End PBXFileReference section */

/* Begin PBXFrameworksBuildPhase section */
		781782E31DDA1B4000A2570E /* Frameworks */ = {
			isa = PBXFrameworksBuildPhase;
			buildActionMask = 2147483647;
			files = (
				78A4DE361DF73DCB008AE70B /* Bolts.framework in Frameworks */,
				789E7E121DF63273003B5E23 /* FBSDKShareKit.framework in Frameworks */,
				789E7E101DF63273003B5E23 /* FBSDKLoginKit.framework in Frameworks */,
				789E7E111DF63273003B5E23 /* FBSDKMessengerShareKit.framework in Frameworks */,
				78B970141E2559A0007715AC /* MapKit.framework in Frameworks */,
				789E7E0F1DF63273003B5E23 /* FBSDKCoreKit.framework in Frameworks */,
				1F2F19EDF9A5893CADA37431 /* Pods_AutoUnionAplicacion.framework in Frameworks */,
			);
			runOnlyForDeploymentPostprocessing = 0;
		};
		781782F91DDA1B4000A2570E /* Frameworks */ = {
			isa = PBXFrameworksBuildPhase;
			buildActionMask = 2147483647;
			files = (
				274CA9E873F6233C280A8FA3 /* Pods_AutoUnionAplicacionTests.framework in Frameworks */,
			);
			runOnlyForDeploymentPostprocessing = 0;
		};
		781783041DDA1B4100A2570E /* Frameworks */ = {
			isa = PBXFrameworksBuildPhase;
			buildActionMask = 2147483647;
			files = (
				F61E7B28E5EDE06906A42BFF /* Pods_AutoUnionAplicacionUITests.framework in Frameworks */,
			);
			runOnlyForDeploymentPostprocessing = 0;
		};
/* End PBXFrameworksBuildPhase section */

/* Begin PBXGroup section */
		3511423595732A00733A63B9 /* Pods */ = {
			isa = PBXGroup;
			children = (
				C21FC16CC946E0837E915077 /* Pods-AutoUnionAplicacion.debug.xcconfig */,
				A63259FE10DC3D87D85EEB2A /* Pods-AutoUnionAplicacion.release.xcconfig */,
				534C6D213AEE6B922E05B960 /* Pods-AutoUnionAplicacionTests.debug.xcconfig */,
				D7D8D5E4CADC60B8BBDFD7BC /* Pods-AutoUnionAplicacionTests.release.xcconfig */,
				D8C485FCA3ECBA70FFD2A628 /* Pods-AutoUnionAplicacionUITests.debug.xcconfig */,
				6B1962C956E9DA36E23D2E77 /* Pods-AutoUnionAplicacionUITests.release.xcconfig */,
			);
			name = Pods;
			sourceTree = "<group>";
		};
		781782DD1DDA1B4000A2570E = {
			isa = PBXGroup;
			children = (
				781782E81DDA1B4000A2570E /* AutoUnionAplicacion */,
				781782FF1DDA1B4000A2570E /* AutoUnionAplicacionTests */,
				7817830A1DDA1B4100A2570E /* AutoUnionAplicacionUITests */,
				781782E71DDA1B4000A2570E /* Products */,
				3511423595732A00733A63B9 /* Pods */,
				AB236A39B7CFEB56B6955CC4 /* Frameworks */,
			);
			sourceTree = "<group>";
		};
		781782E71DDA1B4000A2570E /* Products */ = {
			isa = PBXGroup;
			children = (
				781782E61DDA1B4000A2570E /* AutoUnionAplicacion.app */,
				781782FC1DDA1B4000A2570E /* AutoUnionAplicacionTests.xctest */,
				781783071DDA1B4100A2570E /* AutoUnionAplicacionUITests.xctest */,
			);
			name = Products;
			sourceTree = "<group>";
		};
		781782E81DDA1B4000A2570E /* AutoUnionAplicacion */ = {
			isa = PBXGroup;
			children = (
				78A4DE351DF73DCB008AE70B /* Bolts.framework */,
				789E7E0B1DF63273003B5E23 /* FBSDKCoreKit.framework */,
				789E7E0C1DF63273003B5E23 /* FBSDKLoginKit.framework */,
				789E7E0D1DF63273003B5E23 /* FBSDKMessengerShareKit.framework */,
				789E7E0E1DF63273003B5E23 /* FBSDKShareKit.framework */,
				78E0DD391DDA95D3002A97F5 /* Ressources */,
				78363DE91E005A6E006135B9 /* Models */,
				78363DEC1E00625F006135B9 /* Controllers */,
				785B8A031E01D4BF00C5A231 /* video_auto.mp4 */,
				787A2F341E246956008F7CE8 /* Main.storyboard */,
				781782F21DDA1B4000A2570E /* Assets.xcassets */,
				781782E91DDA1B4000A2570E /* AppDelegate.swift */,
				781782F41DDA1B4000A2570E /* LaunchScreen.storyboard */,
				781782F71DDA1B4000A2570E /* Info.plist */,
				78FBAA391E08323A00F7A516 /* Metodos */,
			);
			path = AutoUnionAplicacion;
			sourceTree = "<group>";
		};
		781782FF1DDA1B4000A2570E /* AutoUnionAplicacionTests */ = {
			isa = PBXGroup;
			children = (
				781783001DDA1B4000A2570E /* AutoUnionAplicacionTests.swift */,
				781783021DDA1B4000A2570E /* Info.plist */,
			);
			path = AutoUnionAplicacionTests;
			sourceTree = "<group>";
		};
		7817830A1DDA1B4100A2570E /* AutoUnionAplicacionUITests */ = {
			isa = PBXGroup;
			children = (
				7817830B1DDA1B4100A2570E /* AutoUnionAplicacionUITests.swift */,
				7817830D1DDA1B4100A2570E /* Info.plist */,
			);
			path = AutoUnionAplicacionUITests;
			sourceTree = "<group>";
		};
		78363DE91E005A6E006135B9 /* Models */ = {
			isa = PBXGroup;
			children = (
				78B5CF3B1DFF644E00FF4C6F /* Automovil.swift */,
				78363DEA1E005AF8006135B9 /* Usuario.swift */,
				78363DED1E008393006135B9 /* AgenciaModel.swift */,
			);
			name = Models;
			sourceTree = "<group>";
		};
		78363DEC1E00625F006135B9 /* Controllers */ = {
			isa = PBXGroup;
			children = (
				78E73E8E1DF2171000F1B21F /* Agencia.swift */,
				78ECB73A1DF5CD25008AED57 /* Asistencia.swift */,
				78B7722B1E1569C2008E525F /* AlmacenGerente.swift */,
				781782ED1DDA1B4000A2570E /* Buscar.swift */,
				78C082871E1F0DB1005944B9 /* DetalleAgencia.swift */,
				7817831B1DDA48B900A2570E /* DetalleAutomovil.swift */,
				78AFD2561DDB6ADE0066B830 /* DetalleUsuario.swift */,
				78DCDA411E0DF1F80093BBA0 /* Favoritos.swift */,
				78E73E8C1DF213AD00F1B21F /* FilaAgencia.swift */,
				78B772291E1567B3008E525F /* FilaGerenteAutos.swift */,
				781783191DDA23EB00A2570E /* FilaModelo.swift */,
				781782EB1DDA1B4000A2570E /* FirstViewController.swift */,
				78276DFF1E0320D40037EF0D /* Login.swift */,
				78FB88B41E01A4AC00D40FA9 /* Registro.swift */,
				789536F51E1331FA00A2252D /* RecuperarPassword.swift */,
				78F16F6D1E16BEF100502913 /* RegistrarAuto.swift */,
				78FA94F41E03624A004AE8F4 /* SMS.swift */,
				78E98DB71E20266700F3767B /* DetalleAuto2.swift */,
				78BD4B1E1E20632D00B0255B /* FilaDetalleAuto.swift */,
				78E3A15D1E245A45002FA154 /* Mapa.swift */,
			);
			name = Controllers;
			sourceTree = "<group>";
		};
		78E0DD391DDA95D3002A97F5 /* Ressources */ = {
			isa = PBXGroup;
			children = (
				781747751E09B39700B4BFFF /* exo_font.otf */,
			);
			name = Ressources;
			sourceTree = "<group>";
		};
		78FBAA391E08323A00F7A516 /* Metodos */ = {
			isa = PBXGroup;
			children = (
				78FBAA3A1E08328600F7A516 /* Alertas.swift */,
			);
			name = Metodos;
			sourceTree = "<group>";
		};
		AB236A39B7CFEB56B6955CC4 /* Frameworks */ = {
			isa = PBXGroup;
			children = (
				78B970131E2559A0007715AC /* MapKit.framework */,
				E4396FE363AD65A1E55D77D2 /* Pods_AutoUnionAplicacion.framework */,
				1726DFE484A5EB4EA52220DD /* Pods_AutoUnionAplicacionTests.framework */,
				290D29AA62CA6EB15891E2C5 /* Pods_AutoUnionAplicacionUITests.framework */,
			);
			name = Frameworks;
			sourceTree = "<group>";
		};
/* End PBXGroup section */

/* Begin PBXNativeTarget section */
		781782E51DDA1B4000A2570E /* AutoUnionAplicacion */ = {
			isa = PBXNativeTarget;
			buildConfigurationList = 781783101DDA1B4100A2570E /* Build configuration list for PBXNativeTarget "AutoUnionAplicacion" */;
			buildPhases = (
				AC6A6533A2C88C998C8546AA /* [CP] Check Pods Manifest.lock */,
				781782E21DDA1B4000A2570E /* Sources */,
				781782E31DDA1B4000A2570E /* Frameworks */,
				781782E41DDA1B4000A2570E /* Resources */,
				03460203AD95F4EC20511A8A /* [CP] Embed Pods Frameworks */,
				C70CCBC0BC1679CCCC4DDB24 /* [CP] Copy Pods Resources */,
			);
			buildRules = (
			);
			dependencies = (
			);
			name = AutoUnionAplicacion;
			productName = AutoUnionAplicacion;
			productReference = 781782E61DDA1B4000A2570E /* AutoUnionAplicacion.app */;
			productType = "com.apple.product-type.application";
		};
		781782FB1DDA1B4000A2570E /* AutoUnionAplicacionTests */ = {
			isa = PBXNativeTarget;
			buildConfigurationList = 781783131DDA1B4100A2570E /* Build configuration list for PBXNativeTarget "AutoUnionAplicacionTests" */;
			buildPhases = (
				E95BA5B0C5C15570FEF6AF6A /* [CP] Check Pods Manifest.lock */,
				781782F81DDA1B4000A2570E /* Sources */,
				781782F91DDA1B4000A2570E /* Frameworks */,
				781782FA1DDA1B4000A2570E /* Resources */,
				BF5EA267E971C6A3B0C578BB /* [CP] Embed Pods Frameworks */,
				C5398484B9CACEC790A35A6F /* [CP] Copy Pods Resources */,
			);
			buildRules = (
			);
			dependencies = (
				781782FE1DDA1B4000A2570E /* PBXTargetDependency */,
			);
			name = AutoUnionAplicacionTests;
			productName = AutoUnionAplicacionTests;
			productReference = 781782FC1DDA1B4000A2570E /* AutoUnionAplicacionTests.xctest */;
			productType = "com.apple.product-type.bundle.unit-test";
		};
		781783061DDA1B4100A2570E /* AutoUnionAplicacionUITests */ = {
			isa = PBXNativeTarget;
			buildConfigurationList = 781783161DDA1B4100A2570E /* Build configuration list for PBXNativeTarget "AutoUnionAplicacionUITests" */;
			buildPhases = (
				0B43A68BFAB796C9C844FA88 /* [CP] Check Pods Manifest.lock */,
				781783031DDA1B4100A2570E /* Sources */,
				781783041DDA1B4100A2570E /* Frameworks */,
				781783051DDA1B4100A2570E /* Resources */,
				A7021E337A8C74F0D9F7C189 /* [CP] Embed Pods Frameworks */,
				879BFD25651E902F4C1C7F0F /* [CP] Copy Pods Resources */,
			);
			buildRules = (
			);
			dependencies = (
				781783091DDA1B4100A2570E /* PBXTargetDependency */,
			);
			name = AutoUnionAplicacionUITests;
			productName = AutoUnionAplicacionUITests;
			productReference = 781783071DDA1B4100A2570E /* AutoUnionAplicacionUITests.xctest */;
			productType = "com.apple.product-type.bundle.ui-testing";
		};
/* End PBXNativeTarget section */

/* Begin PBXProject section */
		781782DE1DDA1B4000A2570E /* Project object */ = {
			isa = PBXProject;
			attributes = {
				LastSwiftUpdateCheck = 0810;
				LastUpgradeCheck = 0810;
				ORGANIZATIONNAME = developerMosso;
				TargetAttributes = {
					781782E51DDA1B4000A2570E = {
						CreatedOnToolsVersion = 8.1;
						DevelopmentTeam = 97Y568JHM3;
						ProvisioningStyle = Automatic;
						SystemCapabilities = {
							com.apple.Maps.iOS = {
								enabled = 1;
							};
						};
					};
					781782FB1DDA1B4000A2570E = {
						CreatedOnToolsVersion = 8.1;
						DevelopmentTeam = 97Y568JHM3;
						ProvisioningStyle = Automatic;
						TestTargetID = 781782E51DDA1B4000A2570E;
					};
					781783061DDA1B4100A2570E = {
						CreatedOnToolsVersion = 8.1;
						DevelopmentTeam = 97Y568JHM3;
						ProvisioningStyle = Automatic;
						TestTargetID = 781782E51DDA1B4000A2570E;
					};
				};
			};
			buildConfigurationList = 781782E11DDA1B4000A2570E /* Build configuration list for PBXProject "AutoUnionAplicacion" */;
			compatibilityVersion = "Xcode 3.2";
			developmentRegion = English;
			hasScannedForEncodings = 0;
			knownRegions = (
				en,
				Base,
			);
			mainGroup = 781782DD1DDA1B4000A2570E;
			productRefGroup = 781782E71DDA1B4000A2570E /* Products */;
			projectDirPath = "";
			projectRoot = "";
			targets = (
				781782E51DDA1B4000A2570E /* AutoUnionAplicacion */,
				781782FB1DDA1B4000A2570E /* AutoUnionAplicacionTests */,
				781783061DDA1B4100A2570E /* AutoUnionAplicacionUITests */,
			);
		};
/* End PBXProject section */

/* Begin PBXResourcesBuildPhase section */
		781782E41DDA1B4000A2570E /* Resources */ = {
			isa = PBXResourcesBuildPhase;
			buildActionMask = 2147483647;
			files = (
				787A2F351E246956008F7CE8 /* Main.storyboard in Resources */,
				781782F61DDA1B4000A2570E /* LaunchScreen.storyboard in Resources */,
				781782F31DDA1B4000A2570E /* Assets.xcassets in Resources */,
			);
			runOnlyForDeploymentPostprocessing = 0;
		};
		781782FA1DDA1B4000A2570E /* Resources */ = {
			isa = PBXResourcesBuildPhase;
			buildActionMask = 2147483647;
			files = (
			);
			runOnlyForDeploymentPostprocessing = 0;
		};
		781783051DDA1B4100A2570E /* Resources */ = {
			isa = PBXResourcesBuildPhase;
			buildActionMask = 2147483647;
			files = (
			);
			runOnlyForDeploymentPostprocessing = 0;
		};
/* End PBXResourcesBuildPhase section */

/* Begin PBXShellScriptBuildPhase section */
		03460203AD95F4EC20511A8A /* [CP] Embed Pods Frameworks */ = {
			isa = PBXShellScriptBuildPhase;
			buildActionMask = 2147483647;
			files = (
			);
			inputPaths = (
			);
			name = "[CP] Embed Pods Frameworks";
			outputPaths = (
			);
			runOnlyForDeploymentPostprocessing = 0;
			shellPath = /bin/sh;
			shellScript = "\"${SRCROOT}/Pods/Target Support Files/Pods-AutoUnionAplicacion/Pods-AutoUnionAplicacion-frameworks.sh\"\n";
			showEnvVarsInLog = 0;
		};
		0B43A68BFAB796C9C844FA88 /* [CP] Check Pods Manifest.lock */ = {
			isa = PBXShellScriptBuildPhase;
			buildActionMask = 2147483647;
			files = (
			);
			inputPaths = (
			);
			name = "[CP] Check Pods Manifest.lock";
			outputPaths = (
			);
			runOnlyForDeploymentPostprocessing = 0;
			shellPath = /bin/sh;
			shellScript = "diff \"${PODS_ROOT}/../Podfile.lock\" \"${PODS_ROOT}/Manifest.lock\" > /dev/null\nif [ $? != 0 ] ; then\n    # print error to STDERR\n    echo \"error: The sandbox is not in sync with the Podfile.lock. Run 'pod install' or update your CocoaPods installation.\" >&2\n    exit 1\nfi\n";
			showEnvVarsInLog = 0;
		};
		879BFD25651E902F4C1C7F0F /* [CP] Copy Pods Resources */ = {
			isa = PBXShellScriptBuildPhase;
			buildActionMask = 2147483647;
			files = (
			);
			inputPaths = (
			);
			name = "[CP] Copy Pods Resources";
			outputPaths = (
			);
			runOnlyForDeploymentPostprocessing = 0;
			shellPath = /bin/sh;
			shellScript = "\"${SRCROOT}/Pods/Target Support Files/Pods-AutoUnionAplicacionUITests/Pods-AutoUnionAplicacionUITests-resources.sh\"\n";
			showEnvVarsInLog = 0;
		};
		A7021E337A8C74F0D9F7C189 /* [CP] Embed Pods Frameworks */ = {
			isa = PBXShellScriptBuildPhase;
			buildActionMask = 2147483647;
			files = (
			);
			inputPaths = (
			);
			name = "[CP] Embed Pods Frameworks";
			outputPaths = (
			);
			runOnlyForDeploymentPostprocessing = 0;
			shellPath = /bin/sh;
			shellScript = "\"${SRCROOT}/Pods/Target Support Files/Pods-AutoUnionAplicacionUITests/Pods-AutoUnionAplicacionUITests-frameworks.sh\"\n";
			showEnvVarsInLog = 0;
		};
		AC6A6533A2C88C998C8546AA /* [CP] Check Pods Manifest.lock */ = {
			isa = PBXShellScriptBuildPhase;
			buildActionMask = 2147483647;
			files = (
			);
			inputPaths = (
			);
			name = "[CP] Check Pods Manifest.lock";
			outputPaths = (
			);
			runOnlyForDeploymentPostprocessing = 0;
			shellPath = /bin/sh;
			shellScript = "diff \"${PODS_ROOT}/../Podfile.lock\" \"${PODS_ROOT}/Manifest.lock\" > /dev/null\nif [ $? != 0 ] ; then\n    # print error to STDERR\n    echo \"error: The sandbox is not in sync with the Podfile.lock. Run 'pod install' or update your CocoaPods installation.\" >&2\n    exit 1\nfi\n";
			showEnvVarsInLog = 0;
		};
		BF5EA267E971C6A3B0C578BB /* [CP] Embed Pods Frameworks */ = {
			isa = PBXShellScriptBuildPhase;
			buildActionMask = 2147483647;
			files = (
			);
			inputPaths = (
			);
			name = "[CP] Embed Pods Frameworks";
			outputPaths = (
			);
			runOnlyForDeploymentPostprocessing = 0;
			shellPath = /bin/sh;
			shellScript = "\"${SRCROOT}/Pods/Target Support Files/Pods-AutoUnionAplicacionTests/Pods-AutoUnionAplicacionTests-frameworks.sh\"\n";
			showEnvVarsInLog = 0;
		};
		C5398484B9CACEC790A35A6F /* [CP] Copy Pods Resources */ = {
			isa = PBXShellScriptBuildPhase;
			buildActionMask = 2147483647;
			files = (
			);
			inputPaths = (
			);
			name = "[CP] Copy Pods Resources";
			outputPaths = (
			);
			runOnlyForDeploymentPostprocessing = 0;
			shellPath = /bin/sh;
			shellScript = "\"${SRCROOT}/Pods/Target Support Files/Pods-AutoUnionAplicacionTests/Pods-AutoUnionAplicacionTests-resources.sh\"\n";
			showEnvVarsInLog = 0;
		};
		C70CCBC0BC1679CCCC4DDB24 /* [CP] Copy Pods Resources */ = {
			isa = PBXShellScriptBuildPhase;
			buildActionMask = 2147483647;
			files = (
			);
			inputPaths = (
			);
			name = "[CP] Copy Pods Resources";
			outputPaths = (
			);
			runOnlyForDeploymentPostprocessing = 0;
			shellPath = /bin/sh;
			shellScript = "\"${SRCROOT}/Pods/Target Support Files/Pods-AutoUnionAplicacion/Pods-AutoUnionAplicacion-resources.sh\"\n";
			showEnvVarsInLog = 0;
		};
		E95BA5B0C5C15570FEF6AF6A /* [CP] Check Pods Manifest.lock */ = {
			isa = PBXShellScriptBuildPhase;
			buildActionMask = 2147483647;
			files = (
			);
			inputPaths = (
			);
			name = "[CP] Check Pods Manifest.lock";
			outputPaths = (
			);
			runOnlyForDeploymentPostprocessing = 0;
			shellPath = /bin/sh;
			shellScript = "diff \"${PODS_ROOT}/../Podfile.lock\" \"${PODS_ROOT}/Manifest.lock\" > /dev/null\nif [ $? != 0 ] ; then\n    # print error to STDERR\n    echo \"error: The sandbox is not in sync with the Podfile.lock. Run 'pod install' or update your CocoaPods installation.\" >&2\n    exit 1\nfi\n";
			showEnvVarsInLog = 0;
		};
/* End PBXShellScriptBuildPhase section */

/* Begin PBXSourcesBuildPhase section */
		781782E21DDA1B4000A2570E /* Sources */ = {
			isa = PBXSourcesBuildPhase;
			buildActionMask = 2147483647;
			files = (
				78E73E8F1DF2171000F1B21F /* Agencia.swift in Sources */,
				78B7722C1E1569C2008E525F /* AlmacenGerente.swift in Sources */,
				78ECB73B1DF5CD25008AED57 /* Asistencia.swift in Sources */,
				78B7722A1E1567B3008E525F /* FilaGerenteAutos.swift in Sources */,
				78E3A15E1E245A45002FA154 /* Mapa.swift in Sources */,
				781782EE1DDA1B4000A2570E /* Buscar.swift in Sources */,
				78F16F6E1E16BEF200502913 /* RegistrarAuto.swift in Sources */,
				7817831C1DDA48B900A2570E /* DetalleAutomovil.swift in Sources */,
				78FBAA3B1E08328600F7A516 /* Alertas.swift in Sources */,
				781782EA1DDA1B4000A2570E /* AppDelegate.swift in Sources */,
				781782EC1DDA1B4000A2570E /* FirstViewController.swift in Sources */,
				78FA94F51E03624A004AE8F4 /* SMS.swift in Sources */,
				78B5CF3C1DFF644E00FF4C6F /* Automovil.swift in Sources */,
				78C082881E1F0DB1005944B9 /* DetalleAgencia.swift in Sources */,
				78DCDA421E0DF1F80093BBA0 /* Favoritos.swift in Sources */,
				78276E001E0320D40037EF0D /* Login.swift in Sources */,
				78E73E8D1DF213AD00F1B21F /* FilaAgencia.swift in Sources */,
				78BD4B1F1E20632D00B0255B /* FilaDetalleAuto.swift in Sources */,
				78E98DB81E20266700F3767B /* DetalleAuto2.swift in Sources */,
				78FB88B51E01A4AD00D40FA9 /* Registro.swift in Sources */,
				78AFD2571DDB6ADE0066B830 /* DetalleUsuario.swift in Sources */,
				7817831A1DDA23EB00A2570E /* FilaModelo.swift in Sources */,
				78363DEE1E008393006135B9 /* AgenciaModel.swift in Sources */,
				789536F61E1331FA00A2252D /* RecuperarPassword.swift in Sources */,
				78363DEB1E005AF8006135B9 /* Usuario.swift in Sources */,
			);
			runOnlyForDeploymentPostprocessing = 0;
		};
		781782F81DDA1B4000A2570E /* Sources */ = {
			isa = PBXSourcesBuildPhase;
			buildActionMask = 2147483647;
			files = (
				781783011DDA1B4000A2570E /* AutoUnionAplicacionTests.swift in Sources */,
			);
			runOnlyForDeploymentPostprocessing = 0;
		};
		781783031DDA1B4100A2570E /* Sources */ = {
			isa = PBXSourcesBuildPhase;
			buildActionMask = 2147483647;
			files = (
				7817830C1DDA1B4100A2570E /* AutoUnionAplicacionUITests.swift in Sources */,
			);
			runOnlyForDeploymentPostprocessing = 0;
		};
/* End PBXSourcesBuildPhase section */

/* Begin PBXTargetDependency section */
		781782FE1DDA1B4000A2570E /* PBXTargetDependency */ = {
			isa = PBXTargetDependency;
			target = 781782E51DDA1B4000A2570E /* AutoUnionAplicacion */;
			targetProxy = 781782FD1DDA1B4000A2570E /* PBXContainerItemProxy */;
		};
		781783091DDA1B4100A2570E /* PBXTargetDependency */ = {
			isa = PBXTargetDependency;
			target = 781782E51DDA1B4000A2570E /* AutoUnionAplicacion */;
			targetProxy = 781783081DDA1B4100A2570E /* PBXContainerItemProxy */;
		};
/* End PBXTargetDependency section */

/* Begin PBXVariantGroup section */
		781782F41DDA1B4000A2570E /* LaunchScreen.storyboard */ = {
			isa = PBXVariantGroup;
			children = (
				781782F51DDA1B4000A2570E /* Base */,
			);
			name = LaunchScreen.storyboard;
			sourceTree = "<group>";
		};
/* End PBXVariantGroup section */

/* Begin XCBuildConfiguration section */
		7817830E1DDA1B4100A2570E /* Debug */ = {
			isa = XCBuildConfiguration;
			buildSettings = {
				ALWAYS_SEARCH_USER_PATHS = NO;
				CLANG_ANALYZER_NONNULL = YES;
				CLANG_CXX_LANGUAGE_STANDARD = "gnu++0x";
				CLANG_CXX_LIBRARY = "libc++";
				CLANG_ENABLE_MODULES = YES;
				CLANG_ENABLE_OBJC_ARC = YES;
				CLANG_WARN_BOOL_CONVERSION = YES;
				CLANG_WARN_CONSTANT_CONVERSION = YES;
				CLANG_WARN_DIRECT_OBJC_ISA_USAGE = YES_ERROR;
				CLANG_WARN_DOCUMENTATION_COMMENTS = YES;
				CLANG_WARN_EMPTY_BODY = YES;
				CLANG_WARN_ENUM_CONVERSION = YES;
				CLANG_WARN_INFINITE_RECURSION = YES;
				CLANG_WARN_INT_CONVERSION = YES;
				CLANG_WARN_OBJC_ROOT_CLASS = YES_ERROR;
				CLANG_WARN_SUSPICIOUS_MOVES = YES;
				CLANG_WARN_UNREACHABLE_CODE = YES;
				CLANG_WARN__DUPLICATE_METHOD_MATCH = YES;
				"CODE_SIGN_IDENTITY[sdk=iphoneos*]" = "iPhone Developer";
				COPY_PHASE_STRIP = NO;
				DEBUG_INFORMATION_FORMAT = dwarf;
				ENABLE_STRICT_OBJC_MSGSEND = YES;
				ENABLE_TESTABILITY = YES;
				GCC_C_LANGUAGE_STANDARD = gnu99;
				GCC_DYNAMIC_NO_PIC = NO;
				GCC_NO_COMMON_BLOCKS = YES;
				GCC_OPTIMIZATION_LEVEL = 0;
				GCC_PREPROCESSOR_DEFINITIONS = (
					"DEBUG=1",
					"$(inherited)",
				);
				GCC_WARN_64_TO_32_BIT_CONVERSION = YES;
				GCC_WARN_ABOUT_RETURN_TYPE = YES_ERROR;
				GCC_WARN_UNDECLARED_SELECTOR = YES;
				GCC_WARN_UNINITIALIZED_AUTOS = YES_AGGRESSIVE;
				GCC_WARN_UNUSED_FUNCTION = YES;
				GCC_WARN_UNUSED_VARIABLE = YES;
				IPHONEOS_DEPLOYMENT_TARGET = 10.1;
				MTL_ENABLE_DEBUG_INFO = YES;
				ONLY_ACTIVE_ARCH = YES;
				SDKROOT = iphoneos;
				SWIFT_ACTIVE_COMPILATION_CONDITIONS = DEBUG;
				SWIFT_OPTIMIZATION_LEVEL = "-Onone";
			};
			name = Debug;
		};
		7817830F1DDA1B4100A2570E /* Release */ = {
			isa = XCBuildConfiguration;
			buildSettings = {
				ALWAYS_SEARCH_USER_PATHS = NO;
				CLANG_ANALYZER_NONNULL = YES;
				CLANG_CXX_LANGUAGE_STANDARD = "gnu++0x";
				CLANG_CXX_LIBRARY = "libc++";
				CLANG_ENABLE_MODULES = YES;
				CLANG_ENABLE_OBJC_ARC = YES;
				CLANG_WARN_BOOL_CONVERSION = YES;
				CLANG_WARN_CONSTANT_CONVERSION = YES;
				CLANG_WARN_DIRECT_OBJC_ISA_USAGE = YES_ERROR;
				CLANG_WARN_DOCUMENTATION_COMMENTS = YES;
				CLANG_WARN_EMPTY_BODY = YES;
				CLANG_WARN_ENUM_CONVERSION = YES;
				CLANG_WARN_INFINITE_RECURSION = YES;
				CLANG_WARN_INT_CONVERSION = YES;
				CLANG_WARN_OBJC_ROOT_CLASS = YES_ERROR;
				CLANG_WARN_SUSPICIOUS_MOVES = YES;
				CLANG_WARN_UNREACHABLE_CODE = YES;
				CLANG_WARN__DUPLICATE_METHOD_MATCH = YES;
				"CODE_SIGN_IDENTITY[sdk=iphoneos*]" = "iPhone Developer";
				COPY_PHASE_STRIP = NO;
				DEBUG_INFORMATION_FORMAT = "dwarf-with-dsym";
				ENABLE_NS_ASSERTIONS = NO;
				ENABLE_STRICT_OBJC_MSGSEND = YES;
				GCC_C_LANGUAGE_STANDARD = gnu99;
				GCC_NO_COMMON_BLOCKS = YES;
				GCC_WARN_64_TO_32_BIT_CONVERSION = YES;
				GCC_WARN_ABOUT_RETURN_TYPE = YES_ERROR;
				GCC_WARN_UNDECLARED_SELECTOR = YES;
				GCC_WARN_UNINITIALIZED_AUTOS = YES_AGGRESSIVE;
				GCC_WARN_UNUSED_FUNCTION = YES;
				GCC_WARN_UNUSED_VARIABLE = YES;
				IPHONEOS_DEPLOYMENT_TARGET = 10.1;
				MTL_ENABLE_DEBUG_INFO = NO;
				SDKROOT = iphoneos;
				SWIFT_OPTIMIZATION_LEVEL = "-Owholemodule";
				VALIDATE_PRODUCT = YES;
			};
			name = Release;
		};
		781783111DDA1B4100A2570E /* Debug */ = {
			isa = XCBuildConfiguration;
			baseConfigurationReference = C21FC16CC946E0837E915077 /* Pods-AutoUnionAplicacion.debug.xcconfig */;
			buildSettings = {
				ASSETCATALOG_COMPILER_APPICON_NAME = AppIcon;
				DEVELOPMENT_TEAM = 97Y568JHM3;
				FRAMEWORK_SEARCH_PATHS = (
					"$(inherited)",
					"$(PROJECT_DIR)/AutoUnionAplicacion",
				);
				INFOPLIST_FILE = AutoUnionAplicacion/Info.plist;
				IPHONEOS_DEPLOYMENT_TARGET = 9.3;
				LD_RUNPATH_SEARCH_PATHS = "$(inherited) @executable_path/Frameworks";
				PRODUCT_BUNDLE_IDENTIFIER = com.mosso.AutoUnionAplicacion;
				PRODUCT_NAME = "$(TARGET_NAME)";
				SWIFT_VERSION = 3.0;
				TARGETED_DEVICE_FAMILY = 1;
			};
			name = Debug;
		};
		781783121DDA1B4100A2570E /* Release */ = {
			isa = XCBuildConfiguration;
			baseConfigurationReference = A63259FE10DC3D87D85EEB2A /* Pods-AutoUnionAplicacion.release.xcconfig */;
			buildSettings = {
				ASSETCATALOG_COMPILER_APPICON_NAME = AppIcon;
				DEVELOPMENT_TEAM = 97Y568JHM3;
				FRAMEWORK_SEARCH_PATHS = (
					"$(inherited)",
					"$(PROJECT_DIR)/AutoUnionAplicacion",
				);
				INFOPLIST_FILE = AutoUnionAplicacion/Info.plist;
				IPHONEOS_DEPLOYMENT_TARGET = 9.3;
				LD_RUNPATH_SEARCH_PATHS = "$(inherited) @executable_path/Frameworks";
				PRODUCT_BUNDLE_IDENTIFIER = com.mosso.AutoUnionAplicacion;
				PRODUCT_NAME = "$(TARGET_NAME)";
				SWIFT_VERSION = 3.0;
				TARGETED_DEVICE_FAMILY = 1;
			};
			name = Release;
		};
		781783141DDA1B4100A2570E /* Debug */ = {
			isa = XCBuildConfiguration;
			baseConfigurationReference = 534C6D213AEE6B922E05B960 /* Pods-AutoUnionAplicacionTests.debug.xcconfig */;
			buildSettings = {
				ALWAYS_EMBED_SWIFT_STANDARD_LIBRARIES = YES;
				BUNDLE_LOADER = "$(TEST_HOST)";
				DEVELOPMENT_TEAM = 97Y568JHM3;
				INFOPLIST_FILE = AutoUnionAplicacionTests/Info.plist;
				LD_RUNPATH_SEARCH_PATHS = "$(inherited) @executable_path/Frameworks @loader_path/Frameworks";
				PRODUCT_BUNDLE_IDENTIFIER = com.mosso.AutoUnionAplicacionTests;
				PRODUCT_NAME = "$(TARGET_NAME)";
				SWIFT_VERSION = 3.0;
				TEST_HOST = "$(BUILT_PRODUCTS_DIR)/AutoUnionAplicacion.app/AutoUnionAplicacion";
			};
			name = Debug;
		};
		781783151DDA1B4100A2570E /* Release */ = {
			isa = XCBuildConfiguration;
			baseConfigurationReference = D7D8D5E4CADC60B8BBDFD7BC /* Pods-AutoUnionAplicacionTests.release.xcconfig */;
			buildSettings = {
				ALWAYS_EMBED_SWIFT_STANDARD_LIBRARIES = YES;
				BUNDLE_LOADER = "$(TEST_HOST)";
				DEVELOPMENT_TEAM = 97Y568JHM3;
				INFOPLIST_FILE = AutoUnionAplicacionTests/Info.plist;
				LD_RUNPATH_SEARCH_PATHS = "$(inherited) @executable_path/Frameworks @loader_path/Frameworks";
				PRODUCT_BUNDLE_IDENTIFIER = com.mosso.AutoUnionAplicacionTests;
				PRODUCT_NAME = "$(TARGET_NAME)";
				SWIFT_VERSION = 3.0;
				TEST_HOST = "$(BUILT_PRODUCTS_DIR)/AutoUnionAplicacion.app/AutoUnionAplicacion";
			};
			name = Release;
		};
		781783171DDA1B4100A2570E /* Debug */ = {
			isa = XCBuildConfiguration;
			baseConfigurationReference = D8C485FCA3ECBA70FFD2A628 /* Pods-AutoUnionAplicacionUITests.debug.xcconfig */;
			buildSettings = {
				ALWAYS_EMBED_SWIFT_STANDARD_LIBRARIES = YES;
				DEVELOPMENT_TEAM = 97Y568JHM3;
				INFOPLIST_FILE = AutoUnionAplicacionUITests/Info.plist;
				LD_RUNPATH_SEARCH_PATHS = "$(inherited) @executable_path/Frameworks @loader_path/Frameworks";
				PRODUCT_BUNDLE_IDENTIFIER = com.mosso.AutoUnionAplicacionUITests;
				PRODUCT_NAME = "$(TARGET_NAME)";
				SWIFT_VERSION = 3.0;
				TEST_TARGET_NAME = AutoUnionAplicacion;
			};
			name = Debug;
		};
		781783181DDA1B4100A2570E /* Release */ = {
			isa = XCBuildConfiguration;
			baseConfigurationReference = 6B1962C956E9DA36E23D2E77 /* Pods-AutoUnionAplicacionUITests.release.xcconfig */;
			buildSettings = {
				ALWAYS_EMBED_SWIFT_STANDARD_LIBRARIES = YES;
				DEVELOPMENT_TEAM = 97Y568JHM3;
				INFOPLIST_FILE = AutoUnionAplicacionUITests/Info.plist;
				LD_RUNPATH_SEARCH_PATHS = "$(inherited) @executable_path/Frameworks @loader_path/Frameworks";
				PRODUCT_BUNDLE_IDENTIFIER = com.mosso.AutoUnionAplicacionUITests;
				PRODUCT_NAME = "$(TARGET_NAME)";
				SWIFT_VERSION = 3.0;
				TEST_TARGET_NAME = AutoUnionAplicacion;
			};
			name = Release;
		};
/* End XCBuildConfiguration section */

/* Begin XCConfigurationList section */
		781782E11DDA1B4000A2570E /* Build configuration list for PBXProject "AutoUnionAplicacion" */ = {
			isa = XCConfigurationList;
			buildConfigurations = (
				7817830E1DDA1B4100A2570E /* Debug */,
				7817830F1DDA1B4100A2570E /* Release */,
			);
			defaultConfigurationIsVisible = 0;
			defaultConfigurationName = Release;
		};
		781783101DDA1B4100A2570E /* Build configuration list for PBXNativeTarget "AutoUnionAplicacion" */ = {
			isa = XCConfigurationList;
			buildConfigurations = (
				781783111DDA1B4100A2570E /* Debug */,
				781783121DDA1B4100A2570E /* Release */,
			);
			defaultConfigurationIsVisible = 0;
			defaultConfigurationName = Release;
		};
		781783131DDA1B4100A2570E /* Build configuration list for PBXNativeTarget "AutoUnionAplicacionTests" */ = {
			isa = XCConfigurationList;
			buildConfigurations = (
				781783141DDA1B4100A2570E /* Debug */,
				781783151DDA1B4100A2570E /* Release */,
			);
			defaultConfigurationIsVisible = 0;
			defaultConfigurationName = Release;
		};
		781783161DDA1B4100A2570E /* Build configuration list for PBXNativeTarget "AutoUnionAplicacionUITests" */ = {
			isa = XCConfigurationList;
			buildConfigurations = (
				781783171DDA1B4100A2570E /* Debug */,
				781783181DDA1B4100A2570E /* Release */,
			);
			defaultConfigurationIsVisible = 0;
			defaultConfigurationName = Release;
		};
/* End XCConfigurationList section */
	};
	rootObject = 781782DE1DDA1B4000A2570E /* Project object */;
}
